
Microsoft Visual Studio Solution File, Format Version 12.00
# Visual Studio Version 17
VisualStudioVersion = 17.13.35931.197 d17.13
MinimumVisualStudioVersion = 10.0.40219.1
Project("{FAE04EC0-301F-11D3-BF4B-00C04F79EFBC}") = "PROY10A-DEMO", "PROY10A-DEMO\PROY10A-DEMO.csproj", "{5CED0C34-5C6B-47D3-9939-3A95F5B3A8DB}"
EndProject
Global
	GlobalSection(SolutionConfigurationPlatforms) = preSolution
		Debug|Any CPU = Debug|Any CPU
		Release|Any CPU = Release|Any CPU
	EndGlobalSection
	GlobalSection(ProjectConfigurationPlatforms) = postSolution
		{5CED0C34-5C6B-47D3-9939-3A95F5B3A8DB}.Debug|Any CPU.ActiveCfg = Debug|Any CPU
		{5CED0C34-5C6B-47D3-9939-3A95F5B3A8DB}.Debug|Any CPU.Build.0 = Debug|Any CPU
		{5CED0C34-5C6B-47D3-9939-3A95F5B3A8DB}.Debug|Any CPU.Deploy.0 = Debug|Any CPU
		{5CED0C34-5C6B-47D3-9939-3A95F5B3A8DB}.Release|Any CPU.ActiveCfg = Release|Any CPU
		{5CED0C34-5C6B-47D3-9939-3A95F5B3A8DB}.Release|Any CPU.Build.0 = Release|Any CPU
		{5CED0C34-5C6B-47D3-9939-3A95F5B3A8DB}.Release|Any CPU.Deploy.0 = Release|Any CPU
	EndGlobalSection
	GlobalSection(SolutionProperties) = preSolution
		HideSolutionNode = FALSE
	EndGlobalSection
	GlobalSection(ExtensibilityGlobals) = postSolution
		SolutionGuid = {4F63D1F3-DD80-42D5-A1A8-653BFDF45D57}
	EndGlobalSection
EndGlobal
